{
  "version": "4",
  "specifiers": {
    "jsr:@openai/openai@*": "4.86.1"
  },
  "jsr": {
    "@openai/openai@4.86.1": {
      "integrity": "6ad50b44c13ae3fde91b861dc6466348bae0ca2d07d8a19e5c4e4b0512f3022a"
    }
  },
  "workspace": {
    "packageJson": {
      "dependencies": [
        "npm:@tauri-apps/api@2",
        "npm:@tauri-apps/cli@2",
        "npm:@tauri-apps/plugin-shell@2",
        "npm:@vitejs/plugin-vue@^5.0.5",
        "npm:chart.js@4.2.1",
        "npm:typescript@^5.2.2",
        "npm:vite@^5.3.1",
        "npm:vue-chart-3@^3.1.8",
        "npm:vue-tsc@^2.0.22",
        "npm:vue@^3.3.4"
      ]
    }
  }
}
